PODS:
  - ConsistencyManager (4.0.0)

DEPENDENCIES:
  - ConsistencyManager (from `https://github.com/linkedin/ConsistencyManager-iOS.git`)

EXTERNAL SOURCES:
  ConsistencyManager:
    :git: https://github.com/linkedin/ConsistencyManager-iOS.git

CHECKOUT OPTIONS:
  ConsistencyManager:
    :commit: 0c6bf9a136adf1233259f2911654860a237ffc06
    :git: https://github.com/linkedin/ConsistencyManager-iOS.git

SPEC CHECKSUMS:
  ConsistencyManager: 323ee466a5c933973529dfa5baa5cbc238633a67

PODFILE CHECKSUM: 52c8d82def045cdb85586280e39176d8246e69a3

COCOAPODS: 1.1.1
